PODS:
  - Nimble (7.0.3)
  - Quick (1.2.0)
  - SchibstedAccount (1.0.0-rc1):
    - SchibstedAccount/Manager (= 1.0.0-rc1)
    - SchibstedAccount/UI (= 1.0.0-rc1)
  - SchibstedAccount/Core (1.0.0-rc1)
  - SchibstedAccount/Manager (1.0.0-rc1):
    - SchibstedAccount/Core
  - SchibstedAccount/UI (1.0.0-rc1):
    - SchibstedAccount/Manager
  - SwiftFormat/CLI (0.32.0)

DEPENDENCIES:
  - Nimble (= 7.0.3)
  - Quick (= 1.2.0)
  - SchibstedAccount (from `../`)
  - SchibstedAccount/UI (from `../`)
  - SwiftFormat/CLI (= 0.32.0)

EXTERNAL SOURCES:
  SchibstedAccount:
    :path: ../

SPEC CHECKSUMS:
  Nimble: 7f5a9c447a33002645a071bddafbfb24ea70e0ac
  Quick: 58d203b1c5e27fff7229c4c1ae445ad7069a7a08
  SchibstedAccount: f8eae35a06092f2350e3a51ff909f95f88efee64
  SwiftFormat: 5e765e6a83048da0dc5781991619d8421be733b0

PODFILE CHECKSUM: f11106b7859e84536b5667d57aacdc2cf5550538

COCOAPODS: 1.4.0
