PODS:
  - SchibstedAccount (1.0.0-rc1):
    - SchibstedAccount/Manager (= 1.0.0-rc1)
    - SchibstedAccount/UI (= 1.0.0-rc1)
  - SchibstedAccount/Core (1.0.0-rc1)
  - SchibstedAccount/Manager (1.0.0-rc1):
    - SchibstedAccount/Core
  - SchibstedAccount/UI (1.0.0-rc1):
    - SchibstedAccount/Manager
  - SchibstedIDTracking (0.3.0):
    - SchibstedAccount/UI (~> 1.0.0-rc)
    - SchibstedTracking
  - SchibstedTracking (0.6.0):
    - SchibstedTracking/Tracker (= 0.6.0)
  - SchibstedTracking/Environment (0.6.0):
    - SchibstedTracking/Logging
    - SchibstedTracking/Shared
    - SchibstedTrackingCommon
  - SchibstedTracking/Logging (0.6.0)
  - SchibstedTracking/Networking (0.6.0):
    - SchibstedTracking/Logging
  - SchibstedTracking/Shared (0.6.0)
  - SchibstedTracking/Storage (0.6.0):
    - SchibstedTracking/Logging
    - SchibstedTracking/Shared
  - SchibstedTracking/Tracker (0.6.0):
    - SchibstedTracking/Environment
    - SchibstedTracking/Logging
    - SchibstedTracking/Networking
    - SchibstedTracking/Shared
    - SchibstedTracking/Storage
  - SchibstedTrackingCommon (0.3.0)
  - SwiftFormat/CLI (0.33.5)

DEPENDENCIES:
  - SchibstedAccount (from `../`)
  - SchibstedAccount/UI (from `../`)
  - SchibstedIDTracking
  - SwiftFormat/CLI

EXTERNAL SOURCES:
  SchibstedAccount:
    :path: ../

SPEC CHECKSUMS:
  SchibstedAccount: 9ad1c65017ea25773e65513870d174daa7307852
  SchibstedIDTracking: dbde6cb7c465d4a85dc6a7331d8a2c3a81d6134f
  SchibstedTracking: 683f180e68d61186fdac775d51dc2e49f6da2bbb
  SchibstedTrackingCommon: 8494b87a1070f9f7340987ae8f548ef71f189653
  SwiftFormat: 13fd81206cf4453c19f1a5c51768c8c0d9165c30

PODFILE CHECKSUM: 984803ef2108ffc2a1920a1dca74376dca1e5dda

COCOAPODS: 1.4.0
