PODS:
  - SchibstedAccount (1.0.0-rc3):
    - SchibstedAccount/Manager (= 1.0.0-rc3)
    - SchibstedAccount/UI (= 1.0.0-rc3)
  - SchibstedAccount/Core (1.0.0-rc3)
  - SchibstedAccount/Manager (1.0.0-rc3):
    - SchibstedAccount/Core
  - SchibstedAccount/UI (1.0.0-rc3):
    - SchibstedAccount/Manager
  - SchibstedIDTracking (0.4.0):
    - SchibstedAccount/UI (~> 1.0.0-rc)
    - SchibstedTracking
  - SchibstedTracking (0.7.0):
    - SchibstedTracking/Tracker (= 0.7.0)
  - SchibstedTracking/Environment (0.7.0):
    - SchibstedTracking/Logging
    - SchibstedTracking/Shared
    - SchibstedTrackingCommon
  - SchibstedTracking/Logging (0.7.0)
  - SchibstedTracking/Networking (0.7.0):
    - SchibstedTracking/Logging
  - SchibstedTracking/Shared (0.7.0)
  - SchibstedTracking/Storage (0.7.0):
    - SchibstedTracking/Logging
    - SchibstedTracking/Shared
  - SchibstedTracking/Tracker (0.7.0):
    - SchibstedTracking/Environment
    - SchibstedTracking/Logging
    - SchibstedTracking/Networking
    - SchibstedTracking/Shared
    - SchibstedTracking/Storage
  - SchibstedTrackingCommon (0.3.0)
  - SwiftFormat/CLI (0.33.5)

DEPENDENCIES:
  - SchibstedAccount (from `../`)
  - SchibstedAccount/UI (from `../`)
  - SchibstedIDTracking (from `git@github.schibsted.io:spt-identity/identity-sdk-ios-tracking.git`, branch `master`)
  - SwiftFormat/CLI

EXTERNAL SOURCES:
  SchibstedAccount:
    :path: ../
  SchibstedIDTracking:
    :branch: master
    :git: git@github.schibsted.io:spt-identity/identity-sdk-ios-tracking.git

CHECKOUT OPTIONS:
  SchibstedIDTracking:
    :commit: a2d99aa9c1c8b44ebe83885ff0ca5d3014c69bfd
    :git: git@github.schibsted.io:spt-identity/identity-sdk-ios-tracking.git

SPEC CHECKSUMS:
  SchibstedAccount: 2b9b749035cae0f189af8578f469bdb081cfc70f
  SchibstedIDTracking: f233dafb22c54f8a3fb0385fd2bc87ae5b8b7833
  SchibstedTracking: bc12b41c68f51a23bae33b4e2e1f144381972bf4
  SchibstedTrackingCommon: 8494b87a1070f9f7340987ae8f548ef71f189653
  SwiftFormat: 13fd81206cf4453c19f1a5c51768c8c0d9165c30

PODFILE CHECKSUM: 43ac59fc55a54e549a1b0d6675ee4b98e0182009

COCOAPODS: 1.4.0
