// !$*UTF8*$!
{
	archiveVersion = 1;
	classes = {
	};
	objectVersion = 46;
	objects = {

/* Begin PBXBuildFile section */
		0800642A1E9E63530081A8DC /* AppDelegate.swift in Sources */ = {isa = PBXBuildFile; fileRef = 080064291E9E63530081A8DC /* AppDelegate.swift */; };
		0800642C1E9E63530081A8DC /* ViewController.swift in Sources */ = {isa = PBXBuildFile; fileRef = 0800642B1E9E63530081A8DC /* ViewController.swift */; };
		0800642F1E9E63530081A8DC /* Main.storyboard in Resources */ = {isa = PBXBuildFile; fileRef = 0800642D1E9E63530081A8DC /* Main.storyboard */; };
		080064311E9E63530081A8DC /* Assets.xcassets in Resources */ = {isa = PBXBuildFile; fileRef = 080064301E9E63530081A8DC /* Assets.xcassets */; };
		080064341E9E63530081A8DC /* LaunchScreen.storyboard in Resources */ = {isa = PBXBuildFile; fileRef = 080064321E9E63530081A8DC /* LaunchScreen.storyboard */; };
		08C6AB461EF2BF6300446F63 /* Localizable.strings in Resources */ = {isa = PBXBuildFile; fileRef = 08C6AB441EF2BF6300446F63 /* Localizable.strings */; };
		621C12505FC9A8506531E1D5 /* Pods_SchibstedAccountDemo.framework in Frameworks */ = {isa = PBXBuildFile; fileRef = 0580D0B11609BF4EDEA63D11 /* Pods_SchibstedAccountDemo.framework */; };
		E12600792052A994006083A7 /* ClientConfiguration.json in Resources */ = {isa = PBXBuildFile; fileRef = E12600782052A994006083A7 /* ClientConfiguration.json */; };
/* End PBXBuildFile section */

/* Begin PBXFileReference section */
		0580D0B11609BF4EDEA63D11 /* Pods_SchibstedAccountDemo.framework */ = {isa = PBXFileReference; explicitFileType = wrapper.framework; includeInIndex = 0; path = Pods_SchibstedAccountDemo.framework; sourceTree = BUILT_PRODUCTS_DIR; };
		080064261E9E63530081A8DC /* SchibstedAccountDemo.app */ = {isa = PBXFileReference; explicitFileType = wrapper.application; includeInIndex = 0; path = SchibstedAccountDemo.app; sourceTree = BUILT_PRODUCTS_DIR; };
		080064291E9E63530081A8DC /* AppDelegate.swift */ = {isa = PBXFileReference; lastKnownFileType = sourcecode.swift; path = AppDelegate.swift; sourceTree = "<group>"; };
		0800642B1E9E63530081A8DC /* ViewController.swift */ = {isa = PBXFileReference; lastKnownFileType = sourcecode.swift; path = ViewController.swift; sourceTree = "<group>"; };
		0800642E1E9E63530081A8DC /* Base */ = {isa = PBXFileReference; lastKnownFileType = file.storyboard; name = Base; path = Base.lproj/Main.storyboard; sourceTree = "<group>"; };
		080064301E9E63530081A8DC /* Assets.xcassets */ = {isa = PBXFileReference; lastKnownFileType = folder.assetcatalog; path = Assets.xcassets; sourceTree = "<group>"; };
		080064331E9E63530081A8DC /* Base */ = {isa = PBXFileReference; lastKnownFileType = file.storyboard; name = Base; path = Base.lproj/LaunchScreen.storyboard; sourceTree = "<group>"; };
		080064351E9E63530081A8DC /* Info.plist */ = {isa = PBXFileReference; lastKnownFileType = text.plist.xml; path = Info.plist; sourceTree = "<group>"; };
		08C6AB451EF2BF6300446F63 /* Base */ = {isa = PBXFileReference; lastKnownFileType = text.plist.strings; name = Base; path = Base.lproj/Localizable.strings; sourceTree = "<group>"; };
		08C6AB471EF2BF7F00446F63 /* ru */ = {isa = PBXFileReference; lastKnownFileType = text.plist.strings; name = ru; path = ru.lproj/Localizable.strings; sourceTree = "<group>"; };
		2D91C0F1C3BEAC24FB753817 /* Pods-SchibstedAccountDemo.release.xcconfig */ = {isa = PBXFileReference; includeInIndex = 1; lastKnownFileType = text.xcconfig; name = "Pods-SchibstedAccountDemo.release.xcconfig"; path = "Pods/Target Support Files/Pods-SchibstedAccountDemo/Pods-SchibstedAccountDemo.release.xcconfig"; sourceTree = "<group>"; };
		8D26CD9A1F3B21F000D5A64F /* sv */ = {isa = PBXFileReference; lastKnownFileType = text.plist.strings; name = sv; path = sv.lproj/Localizable.strings; sourceTree = "<group>"; };
		8D26CD9B1F3B2AF100D5A64F /* nb */ = {isa = PBXFileReference; lastKnownFileType = text.plist.strings; name = nb; path = nb.lproj/Localizable.strings; sourceTree = "<group>"; };
		8D2B07071F2F6CDC00F37A5C /* fr */ = {isa = PBXFileReference; lastKnownFileType = text.plist.strings; name = fr; path = fr.lproj/Localizable.strings; sourceTree = "<group>"; };
		8D2B07081F2F6CE400F37A5C /* es */ = {isa = PBXFileReference; lastKnownFileType = text.plist.strings; name = es; path = es.lproj/Localizable.strings; sourceTree = "<group>"; };
		8D2B07091F2F6CEE00F37A5C /* el */ = {isa = PBXFileReference; lastKnownFileType = text.plist.strings; name = el; path = el.lproj/Localizable.strings; sourceTree = "<group>"; };
		A8C6B019E76BE25E1F1AF65A /* Pods-SchibstedAccountDemo.debug.xcconfig */ = {isa = PBXFileReference; includeInIndex = 1; lastKnownFileType = text.xcconfig; name = "Pods-SchibstedAccountDemo.debug.xcconfig"; path = "Pods/Target Support Files/Pods-SchibstedAccountDemo/Pods-SchibstedAccountDemo.debug.xcconfig"; sourceTree = "<group>"; };
		E12600782052A994006083A7 /* ClientConfiguration.json */ = {isa = PBXFileReference; lastKnownFileType = text.json; path = ClientConfiguration.json; sourceTree = "<group>"; };
/* End PBXFileReference section */

/* Begin PBXFrameworksBuildPhase section */
		080064231E9E63530081A8DC /* Frameworks */ = {
			isa = PBXFrameworksBuildPhase;
			buildActionMask = 2147483647;
			files = (
				621C12505FC9A8506531E1D5 /* Pods_SchibstedAccountDemo.framework in Frameworks */,
			);
			runOnlyForDeploymentPostprocessing = 0;
		};
/* End PBXFrameworksBuildPhase section */

/* Begin PBXGroup section */
		0800641D1E9E63530081A8DC = {
			isa = PBXGroup;
			children = (
				080064281E9E63530081A8DC /* SchibstedAccountDemo */,
				080064271E9E63530081A8DC /* Products */,
				09BA84115A8DA9104C4597FD /* Pods */,
				44B0BF02CD357B739A216516 /* Frameworks */,
			);
			sourceTree = "<group>";
		};
		080064271E9E63530081A8DC /* Products */ = {
			isa = PBXGroup;
			children = (
				080064261E9E63530081A8DC /* SchibstedAccountDemo.app */,
			);
			name = Products;
			sourceTree = "<group>";
		};
		080064281E9E63530081A8DC /* SchibstedAccountDemo */ = {
			isa = PBXGroup;
			children = (
				080064291E9E63530081A8DC /* AppDelegate.swift */,
				0800642B1E9E63530081A8DC /* ViewController.swift */,
				0800642D1E9E63530081A8DC /* Main.storyboard */,
				080064301E9E63530081A8DC /* Assets.xcassets */,
				080064321E9E63530081A8DC /* LaunchScreen.storyboard */,
				08C6AB441EF2BF6300446F63 /* Localizable.strings */,
				080064351E9E63530081A8DC /* Info.plist */,
				E12600782052A994006083A7 /* ClientConfiguration.json */,
			);
			path = SchibstedAccountDemo;
			sourceTree = "<group>";
		};
		09BA84115A8DA9104C4597FD /* Pods */ = {
			isa = PBXGroup;
			children = (
				A8C6B019E76BE25E1F1AF65A /* Pods-SchibstedAccountDemo.debug.xcconfig */,
				2D91C0F1C3BEAC24FB753817 /* Pods-SchibstedAccountDemo.release.xcconfig */,
			);
			name = Pods;
			sourceTree = "<group>";
		};
		44B0BF02CD357B739A216516 /* Frameworks */ = {
			isa = PBXGroup;
			children = (
				0580D0B11609BF4EDEA63D11 /* Pods_SchibstedAccountDemo.framework */,
			);
			name = Frameworks;
			sourceTree = "<group>";
		};
/* End PBXGroup section */

/* Begin PBXNativeTarget section */
		080064251E9E63530081A8DC /* SchibstedAccountDemo */ = {
			isa = PBXNativeTarget;
			buildConfigurationList = 080064381E9E63530081A8DC /* Build configuration list for PBXNativeTarget "SchibstedAccountDemo" */;
			buildPhases = (
				FFEFB4BAB368EC8E51C8D956 /* [CP] Check Pods Manifest.lock */,
				080064221E9E63530081A8DC /* Sources */,
				E1DD30E61ED41F0C006B5B5D /* Swift format */,
				080064231E9E63530081A8DC /* Frameworks */,
				080064241E9E63530081A8DC /* Resources */,
				BD93EDDE2FB38295C818C79D /* [CP] Embed Pods Frameworks */,
				BEBF6100345BB6299E51822B /* [CP] Copy Pods Resources */,
			);
			buildRules = (
			);
			dependencies = (
			);
			name = SchibstedAccountDemo;
			productName = ExampleUI;
			productReference = 080064261E9E63530081A8DC /* SchibstedAccountDemo.app */;
			productType = "com.apple.product-type.application";
		};
/* End PBXNativeTarget section */

/* Begin PBXProject section */
		0800641E1E9E63530081A8DC /* Project object */ = {
			isa = PBXProject;
			attributes = {
				LastSwiftUpdateCheck = 0820;
				LastUpgradeCheck = 0900;
				ORGANIZATIONNAME = "Schibsted Products & Technology";
				TargetAttributes = {
					080064251E9E63530081A8DC = {
						CreatedOnToolsVersion = 8.2.1;
						DevelopmentTeam = R4MV92E7GV;
						LastSwiftMigration = 0910;
						ProvisioningStyle = Automatic;
					};
				};
			};
			buildConfigurationList = 080064211E9E63530081A8DC /* Build configuration list for PBXProject "SchibstedAccountDemo" */;
			compatibilityVersion = "Xcode 3.2";
			developmentRegion = English;
			hasScannedForEncodings = 0;
			knownRegions = (
				en,
				Base,
				fr,
				es,
				el,
				sv,
				nb,
			);
			mainGroup = 0800641D1E9E63530081A8DC;
			productRefGroup = 080064271E9E63530081A8DC /* Products */;
			projectDirPath = "";
			projectRoot = "";
			targets = (
				080064251E9E63530081A8DC /* SchibstedAccountDemo */,
			);
		};
/* End PBXProject section */

/* Begin PBXResourcesBuildPhase section */
		080064241E9E63530081A8DC /* Resources */ = {
			isa = PBXResourcesBuildPhase;
			buildActionMask = 2147483647;
			files = (
				080064341E9E63530081A8DC /* LaunchScreen.storyboard in Resources */,
				E12600792052A994006083A7 /* ClientConfiguration.json in Resources */,
				08C6AB461EF2BF6300446F63 /* Localizable.strings in Resources */,
				080064311E9E63530081A8DC /* Assets.xcassets in Resources */,
				0800642F1E9E63530081A8DC /* Main.storyboard in Resources */,
			);
			runOnlyForDeploymentPostprocessing = 0;
		};
/* End PBXResourcesBuildPhase section */

/* Begin PBXShellScriptBuildPhase section */
		BD93EDDE2FB38295C818C79D /* [CP] Embed Pods Frameworks */ = {
			isa = PBXShellScriptBuildPhase;
			buildActionMask = 2147483647;
			files = (
			);
			inputPaths = (
				"${SRCROOT}/Pods/Target Support Files/Pods-SchibstedAccountDemo/Pods-SchibstedAccountDemo-frameworks.sh",
				"${BUILT_PRODUCTS_DIR}/SchibstedAccount/SchibstedAccount.framework",
				"${BUILT_PRODUCTS_DIR}/SchibstedIDTracking/SchibstedIDTracking.framework",
				"${BUILT_PRODUCTS_DIR}/SchibstedTracking/SchibstedTracking.framework",
				"${BUILT_PRODUCTS_DIR}/SchibstedTrackingCommon/SchibstedTrackingCommon.framework",
			);
			name = "[CP] Embed Pods Frameworks";
			outputPaths = (
				"${TARGET_BUILD_DIR}/${FRAMEWORKS_FOLDER_PATH}/SchibstedAccount.framework",
				"${TARGET_BUILD_DIR}/${FRAMEWORKS_FOLDER_PATH}/SchibstedIDTracking.framework",
				"${TARGET_BUILD_DIR}/${FRAMEWORKS_FOLDER_PATH}/SchibstedTracking.framework",
				"${TARGET_BUILD_DIR}/${FRAMEWORKS_FOLDER_PATH}/SchibstedTrackingCommon.framework",
			);
			runOnlyForDeploymentPostprocessing = 0;
			shellPath = /bin/sh;
			shellScript = "\"${SRCROOT}/Pods/Target Support Files/Pods-SchibstedAccountDemo/Pods-SchibstedAccountDemo-frameworks.sh\"\n";
			showEnvVarsInLog = 0;
		};
		BEBF6100345BB6299E51822B /* [CP] Copy Pods Resources */ = {
			isa = PBXShellScriptBuildPhase;
			buildActionMask = 2147483647;
			files = (
			);
			inputPaths = (
			);
			name = "[CP] Copy Pods Resources";
			outputPaths = (
			);
			runOnlyForDeploymentPostprocessing = 0;
			shellPath = /bin/sh;
			shellScript = "\"${SRCROOT}/Pods/Target Support Files/Pods-SchibstedAccountDemo/Pods-SchibstedAccountDemo-resources.sh\"\n";
			showEnvVarsInLog = 0;
		};
		E1DD30E61ED41F0C006B5B5D /* Swift format */ = {
			isa = PBXShellScriptBuildPhase;
			buildActionMask = 2147483647;
			files = (
			);
			inputPaths = (
			);
			name = "Swift format";
			outputPaths = (
			);
			runOnlyForDeploymentPostprocessing = 0;
			shellPath = /bin/sh;
			shellScript = "cd \"${SRCROOT}/..\"\n./scripts/format.sh";
		};
		FFEFB4BAB368EC8E51C8D956 /* [CP] Check Pods Manifest.lock */ = {
			isa = PBXShellScriptBuildPhase;
			buildActionMask = 2147483647;
			files = (
			);
			inputPaths = (
				"${PODS_PODFILE_DIR_PATH}/Podfile.lock",
				"${PODS_ROOT}/Manifest.lock",
			);
			name = "[CP] Check Pods Manifest.lock";
			outputPaths = (
				"$(DERIVED_FILE_DIR)/Pods-SchibstedAccountDemo-checkManifestLockResult.txt",
			);
			runOnlyForDeploymentPostprocessing = 0;
			shellPath = /bin/sh;
			shellScript = "diff \"${PODS_PODFILE_DIR_PATH}/Podfile.lock\" \"${PODS_ROOT}/Manifest.lock\" > /dev/null\nif [ $? != 0 ] ; then\n    # print error to STDERR\n    echo \"error: The sandbox is not in sync with the Podfile.lock. Run 'pod install' or update your CocoaPods installation.\" >&2\n    exit 1\nfi\n# This output is used by Xcode 'outputs' to avoid re-running this script phase.\necho \"SUCCESS\" > \"${SCRIPT_OUTPUT_FILE_0}\"\n";
			showEnvVarsInLog = 0;
		};
/* End PBXShellScriptBuildPhase section */

/* Begin PBXSourcesBuildPhase section */
		080064221E9E63530081A8DC /* Sources */ = {
			isa = PBXSourcesBuildPhase;
			buildActionMask = 2147483647;
			files = (
				0800642C1E9E63530081A8DC /* ViewController.swift in Sources */,
				0800642A1E9E63530081A8DC /* AppDelegate.swift in Sources */,
			);
			runOnlyForDeploymentPostprocessing = 0;
		};
/* End PBXSourcesBuildPhase section */

/* Begin PBXVariantGroup section */
		0800642D1E9E63530081A8DC /* Main.storyboard */ = {
			isa = PBXVariantGroup;
			children = (
				0800642E1E9E63530081A8DC /* Base */,
			);
			name = Main.storyboard;
			sourceTree = "<group>";
		};
		080064321E9E63530081A8DC /* LaunchScreen.storyboard */ = {
			isa = PBXVariantGroup;
			children = (
				080064331E9E63530081A8DC /* Base */,
			);
			name = LaunchScreen.storyboard;
			sourceTree = "<group>";
		};
		08C6AB441EF2BF6300446F63 /* Localizable.strings */ = {
			isa = PBXVariantGroup;
			children = (
				08C6AB451EF2BF6300446F63 /* Base */,
				08C6AB471EF2BF7F00446F63 /* ru */,
				8D2B07071F2F6CDC00F37A5C /* fr */,
				8D2B07081F2F6CE400F37A5C /* es */,
				8D2B07091F2F6CEE00F37A5C /* el */,
				8D26CD9A1F3B21F000D5A64F /* sv */,
				8D26CD9B1F3B2AF100D5A64F /* nb */,
			);
			name = Localizable.strings;
			sourceTree = "<group>";
		};
/* End PBXVariantGroup section */

/* Begin XCBuildConfiguration section */
		080064361E9E63530081A8DC /* Debug */ = {
			isa = XCBuildConfiguration;
			buildSettings = {
				ALWAYS_SEARCH_USER_PATHS = NO;
				CLANG_ANALYZER_LOCALIZABILITY_NONLOCALIZED = YES;
				CLANG_ANALYZER_NONNULL = YES;
				CLANG_CXX_LANGUAGE_STANDARD = "gnu++0x";
				CLANG_CXX_LIBRARY = "libc++";
				CLANG_ENABLE_MODULES = YES;
				CLANG_ENABLE_OBJC_ARC = YES;
				CLANG_WARN_BLOCK_CAPTURE_AUTORELEASING = YES;
				CLANG_WARN_BOOL_CONVERSION = YES;
				CLANG_WARN_COMMA = YES;
				CLANG_WARN_CONSTANT_CONVERSION = YES;
				CLANG_WARN_DIRECT_OBJC_ISA_USAGE = YES_ERROR;
				CLANG_WARN_DOCUMENTATION_COMMENTS = YES;
				CLANG_WARN_EMPTY_BODY = YES;
				CLANG_WARN_ENUM_CONVERSION = YES;
				CLANG_WARN_INFINITE_RECURSION = YES;
				CLANG_WARN_INT_CONVERSION = YES;
				CLANG_WARN_NON_LITERAL_NULL_CONVERSION = YES;
				CLANG_WARN_OBJC_LITERAL_CONVERSION = YES;
				CLANG_WARN_OBJC_ROOT_CLASS = YES_ERROR;
				CLANG_WARN_RANGE_LOOP_ANALYSIS = YES;
				CLANG_WARN_STRICT_PROTOTYPES = YES;
				CLANG_WARN_SUSPICIOUS_MOVE = YES;
				CLANG_WARN_UNREACHABLE_CODE = YES;
				CLANG_WARN__DUPLICATE_METHOD_MATCH = YES;
				"CODE_SIGN_IDENTITY[sdk=iphoneos*]" = "iPhone Developer";
				COPY_PHASE_STRIP = NO;
				DEBUG_INFORMATION_FORMAT = dwarf;
				ENABLE_STRICT_OBJC_MSGSEND = YES;
				ENABLE_TESTABILITY = YES;
				GCC_C_LANGUAGE_STANDARD = gnu99;
				GCC_DYNAMIC_NO_PIC = NO;
				GCC_NO_COMMON_BLOCKS = YES;
				GCC_OPTIMIZATION_LEVEL = 0;
				GCC_PREPROCESSOR_DEFINITIONS = (
					"DEBUG=1",
					"$(inherited)",
				);
				GCC_WARN_64_TO_32_BIT_CONVERSION = YES;
				GCC_WARN_ABOUT_RETURN_TYPE = YES_ERROR;
				GCC_WARN_UNDECLARED_SELECTOR = YES;
				GCC_WARN_UNINITIALIZED_AUTOS = YES_AGGRESSIVE;
				GCC_WARN_UNUSED_FUNCTION = YES;
				GCC_WARN_UNUSED_VARIABLE = YES;
				IPHONEOS_DEPLOYMENT_TARGET = 9.0;
				MTL_ENABLE_DEBUG_INFO = YES;
				ONLY_ACTIVE_ARCH = YES;
				SDKROOT = iphoneos;
				SWIFT_ACTIVE_COMPILATION_CONDITIONS = DEBUG;
				SWIFT_OPTIMIZATION_LEVEL = "-Onone";
				TARGETED_DEVICE_FAMILY = "1,2";
			};
			name = Debug;
		};
		080064371E9E63530081A8DC /* Release */ = {
			isa = XCBuildConfiguration;
			buildSettings = {
				ALWAYS_SEARCH_USER_PATHS = NO;
				CLANG_ANALYZER_LOCALIZABILITY_NONLOCALIZED = YES;
				CLANG_ANALYZER_NONNULL = YES;
				CLANG_CXX_LANGUAGE_STANDARD = "gnu++0x";
				CLANG_CXX_LIBRARY = "libc++";
				CLANG_ENABLE_MODULES = YES;
				CLANG_ENABLE_OBJC_ARC = YES;
				CLANG_WARN_BLOCK_CAPTURE_AUTORELEASING = YES;
				CLANG_WARN_BOOL_CONVERSION = YES;
				CLANG_WARN_COMMA = YES;
				CLANG_WARN_CONSTANT_CONVERSION = YES;
				CLANG_WARN_DIRECT_OBJC_ISA_USAGE = YES_ERROR;
				CLANG_WARN_DOCUMENTATION_COMMENTS = YES;
				CLANG_WARN_EMPTY_BODY = YES;
				CLANG_WARN_ENUM_CONVERSION = YES;
				CLANG_WARN_INFINITE_RECURSION = YES;
				CLANG_WARN_INT_CONVERSION = YES;
				CLANG_WARN_NON_LITERAL_NULL_CONVERSION = YES;
				CLANG_WARN_OBJC_LITERAL_CONVERSION = YES;
				CLANG_WARN_OBJC_ROOT_CLASS = YES_ERROR;
				CLANG_WARN_RANGE_LOOP_ANALYSIS = YES;
				CLANG_WARN_STRICT_PROTOTYPES = YES;
				CLANG_WARN_SUSPICIOUS_MOVE = YES;
				CLANG_WARN_UNREACHABLE_CODE = YES;
				CLANG_WARN__DUPLICATE_METHOD_MATCH = YES;
				"CODE_SIGN_IDENTITY[sdk=iphoneos*]" = "iPhone Developer";
				COPY_PHASE_STRIP = NO;
				DEBUG_INFORMATION_FORMAT = "dwarf-with-dsym";
				ENABLE_NS_ASSERTIONS = NO;
				ENABLE_STRICT_OBJC_MSGSEND = YES;
				GCC_C_LANGUAGE_STANDARD = gnu99;
				GCC_NO_COMMON_BLOCKS = YES;
				GCC_WARN_64_TO_32_BIT_CONVERSION = YES;
				GCC_WARN_ABOUT_RETURN_TYPE = YES_ERROR;
				GCC_WARN_UNDECLARED_SELECTOR = YES;
				GCC_WARN_UNINITIALIZED_AUTOS = YES_AGGRESSIVE;
				GCC_WARN_UNUSED_FUNCTION = YES;
				GCC_WARN_UNUSED_VARIABLE = YES;
				IPHONEOS_DEPLOYMENT_TARGET = 9.0;
				MTL_ENABLE_DEBUG_INFO = NO;
				SDKROOT = iphoneos;
				SWIFT_OPTIMIZATION_LEVEL = "-Owholemodule";
				TARGETED_DEVICE_FAMILY = "1,2";
				VALIDATE_PRODUCT = YES;
			};
			name = Release;
		};
		080064391E9E63530081A8DC /* Debug */ = {
			isa = XCBuildConfiguration;
			baseConfigurationReference = A8C6B019E76BE25E1F1AF65A /* Pods-SchibstedAccountDemo.debug.xcconfig */;
			buildSettings = {
				ASSETCATALOG_COMPILER_APPICON_NAME = AppIcon;
				DEVELOPMENT_TEAM = R4MV92E7GV;
				INFOPLIST_FILE = SchibstedAccountDemo/Info.plist;
				LD_RUNPATH_SEARCH_PATHS = "$(inherited) @executable_path/Frameworks";
				PRODUCT_BUNDLE_IDENTIFIER = com.schibsted.identity.account.demo;
				PRODUCT_NAME = SchibstedAccountDemo;
				SWIFT_VERSION = 4.0;
			};
			name = Debug;
		};
		0800643A1E9E63530081A8DC /* Release */ = {
			isa = XCBuildConfiguration;
			baseConfigurationReference = 2D91C0F1C3BEAC24FB753817 /* Pods-SchibstedAccountDemo.release.xcconfig */;
			buildSettings = {
				ASSETCATALOG_COMPILER_APPICON_NAME = AppIcon;
				DEVELOPMENT_TEAM = R4MV92E7GV;
				INFOPLIST_FILE = SchibstedAccountDemo/Info.plist;
				LD_RUNPATH_SEARCH_PATHS = "$(inherited) @executable_path/Frameworks";
				PRODUCT_BUNDLE_IDENTIFIER = com.schibsted.identity.account.demo;
				PRODUCT_NAME = SchibstedAccountDemo;
				SWIFT_VERSION = 4.0;
			};
			name = Release;
		};
/* End XCBuildConfiguration section */

/* Begin XCConfigurationList section */
		080064211E9E63530081A8DC /* Build configuration list for PBXProject "SchibstedAccountDemo" */ = {
			isa = XCConfigurationList;
			buildConfigurations = (
				080064361E9E63530081A8DC /* Debug */,
				080064371E9E63530081A8DC /* Release */,
			);
			defaultConfigurationIsVisible = 0;
			defaultConfigurationName = Release;
		};
		080064381E9E63530081A8DC /* Build configuration list for PBXNativeTarget "SchibstedAccountDemo" */ = {
			isa = XCConfigurationList;
			buildConfigurations = (
				080064391E9E63530081A8DC /* Debug */,
				0800643A1E9E63530081A8DC /* Release */,
			);
			defaultConfigurationIsVisible = 0;
			defaultConfigurationName = Release;
		};
/* End XCConfigurationList section */
	};
	rootObject = 0800641E1E9E63530081A8DC /* Project object */;
}
